
Microsoft Visual Studio Solution File, Format Version 12.00
# Visual Studio Version 16
VisualStudioVersion = 16.0.30002.166
MinimumVisualStudioVersion = 10.0.40219.1
Project("{FAE04EC0-301F-11D3-BF4B-00C04F79EFBC}") = "SwaggerDocs", "SwaggerDocs\SwaggerDocs.csproj", "{5CC8B724-17F9-4294-94E7-6B5E584257C0}"
EndProject
Global
	GlobalSection(SolutionConfigurationPlatforms) = preSolution
		Debug|Any CPU = Debug|Any CPU
		Release|Any CPU = Release|Any CPU
	EndGlobalSection
	GlobalSection(ProjectConfigurationPlatforms) = postSolution
		{5CC8B724-17F9-4294-94E7-6B5E584257C0}.Debug|Any CPU.ActiveCfg = Debug|Any CPU
		{5CC8B724-17F9-4294-94E7-6B5E584257C0}.Debug|Any CPU.Build.0 = Debug|Any CPU
		{5CC8B724-17F9-4294-94E7-6B5E584257C0}.Release|Any CPU.ActiveCfg = Release|Any CPU
		{5CC8B724-17F9-4294-94E7-6B5E584257C0}.Release|Any CPU.Build.0 = Release|Any CPU
	EndGlobalSection
	GlobalSection(SolutionProperties) = preSolution
		HideSolutionNode = FALSE
	EndGlobalSection
	GlobalSection(ExtensibilityGlobals) = postSolution
		SolutionGuid = {5E1B1CA5-0978-4FC5-AAA9-5EEE47F51BAA}
	EndGlobalSection
EndGlobal
